
Microsoft Visual Studio Solution File, Format Version 12.00
# Visual Studio Version 17
VisualStudioVersion = 17.13.35825.156 d17.13
MinimumVisualStudioVersion = 10.0.40219.1
Project("{FAE04EC0-301F-11D3-BF4B-00C04F79EFBC}") = "BeautySalonAppointments", "BeautySalonAppointments\BeautySalonAppointments.csproj", "{16779E7E-1CFB-458B-894A-DC853C004217}"
EndProject
Global
	GlobalSection(SolutionConfigurationPlatforms) = preSolution
		Debug|Any CPU = Debug|Any CPU
		Release|Any CPU = Release|Any CPU
	EndGlobalSection
	GlobalSection(ProjectConfigurationPlatforms) = postSolution
		{16779E7E-1CFB-458B-894A-DC853C004217}.Debug|Any CPU.ActiveCfg = Debug|Any CPU
		{16779E7E-1CFB-458B-894A-DC853C004217}.Debug|Any CPU.Build.0 = Debug|Any CPU
		{16779E7E-1CFB-458B-894A-DC853C004217}.Release|Any CPU.ActiveCfg = Release|Any CPU
		{16779E7E-1CFB-458B-894A-DC853C004217}.Release|Any CPU.Build.0 = Release|Any CPU
	EndGlobalSection
	GlobalSection(SolutionProperties) = preSolution
		HideSolutionNode = FALSE
	EndGlobalSection
	GlobalSection(ExtensibilityGlobals) = postSolution
		SolutionGuid = {D5FDF9BE-E4E1-4526-9EA6-D582FD9B9F44}
	EndGlobalSection
EndGlobal
